
Microsoft Visual Studio Solution File, Format Version 12.00
# Visual Studio Version 17
VisualStudioVersion = 17.5.002.0
MinimumVisualStudioVersion = 10.0.40219.1
Project("{9A19103F-16F7-4668-BE54-9A1E7A4F7556}") = "Auth", "Auth.csproj", "{593B2B2C-BB23-4488-834F-B112E31ECEE2}"
EndProject
Global
	GlobalSection(SolutionConfigurationPlatforms) = preSolution
		Debug|Any CPU = Debug|Any CPU
		Release|Any CPU = Release|Any CPU
	EndGlobalSection
	GlobalSection(ProjectConfigurationPlatforms) = postSolution
		{593B2B2C-BB23-4488-834F-B112E31ECEE2}.Debug|Any CPU.ActiveCfg = Debug|Any CPU
		{593B2B2C-BB23-4488-834F-B112E31ECEE2}.Debug|Any CPU.Build.0 = Debug|Any CPU
		{593B2B2C-BB23-4488-834F-B112E31ECEE2}.Release|Any CPU.ActiveCfg = Release|Any CPU
		{593B2B2C-BB23-4488-834F-B112E31ECEE2}.Release|Any CPU.Build.0 = Release|Any CPU
	EndGlobalSection
	GlobalSection(SolutionProperties) = preSolution
		HideSolutionNode = FALSE
	EndGlobalSection
	GlobalSection(ExtensibilityGlobals) = postSolution
		SolutionGuid = {DB2AEC9F-F25F-4018-A1D8-D88D4F204A3A}
	EndGlobalSection
EndGlobal
